
Microsoft Visual Studio Solution File, Format Version 12.00
# Visual Studio Version 16
VisualStudioVersion = 16.0.34931.43
MinimumVisualStudioVersion = 10.0.40219.1
Project("{FAE04EC0-301F-11D3-BF4B-00C04F79EFBC}") = "ConsoleApp8", "ConsoleApp8.csproj", "{3A77EEC8-303B-4405-82C8-400013294BD4}"
EndProject
Global
	GlobalSection(SolutionConfigurationPlatforms) = preSolution
		Debug|Any CPU = Debug|Any CPU
		Release|Any CPU = Release|Any CPU
	EndGlobalSection
	GlobalSection(ProjectConfigurationPlatforms) = postSolution
		{3A77EEC8-303B-4405-82C8-400013294BD4}.Debug|Any CPU.ActiveCfg = Debug|Any CPU
		{3A77EEC8-303B-4405-82C8-400013294BD4}.Debug|Any CPU.Build.0 = Debug|Any CPU
		{3A77EEC8-303B-4405-82C8-400013294BD4}.Release|Any CPU.ActiveCfg = Release|Any CPU
		{3A77EEC8-303B-4405-82C8-400013294BD4}.Release|Any CPU.Build.0 = Release|Any CPU
	EndGlobalSection
	GlobalSection(SolutionProperties) = preSolution
		HideSolutionNode = FALSE
	EndGlobalSection
	GlobalSection(ExtensibilityGlobals) = postSolution
		SolutionGuid = {E52AFD88-FA44-4F37-84BF-BE18BD85A5D5}
	EndGlobalSection
EndGlobal
