
Microsoft Visual Studio Solution File, Format Version 12.00
# Visual Studio Version 17
VisualStudioVersion = 17.10.35122.118
MinimumVisualStudioVersion = 10.0.40219.1
Project("{FAE04EC0-301F-11D3-BF4B-00C04F79EFBC}") = "ConsoleApp1", "ConsoleApp1.csproj", "{E9A84447-A786-47F5-B1E2-97D2BBA569D7}"
EndProject
Project("{FAE04EC0-301F-11D3-BF4B-00C04F79EFBC}") = "ConsoleApp2", "..\ConsoleApp2\ConsoleApp2.csproj", "{839CCC7E-2FCC-4D34-9327-C0CB0C94C2E7}"
EndProject
Global
	GlobalSection(SolutionConfigurationPlatforms) = preSolution
		Debug|Any CPU = Debug|Any CPU
		Release|Any CPU = Release|Any CPU
	EndGlobalSection
	GlobalSection(ProjectConfigurationPlatforms) = postSolution
		{E9A84447-A786-47F5-B1E2-97D2BBA569D7}.Debug|Any CPU.ActiveCfg = Debug|Any CPU
		{E9A84447-A786-47F5-B1E2-97D2BBA569D7}.Debug|Any CPU.Build.0 = Debug|Any CPU
		{E9A84447-A786-47F5-B1E2-97D2BBA569D7}.Release|Any CPU.ActiveCfg = Release|Any CPU
		{E9A84447-A786-47F5-B1E2-97D2BBA569D7}.Release|Any CPU.Build.0 = Release|Any CPU
		{839CCC7E-2FCC-4D34-9327-C0CB0C94C2E7}.Debug|Any CPU.ActiveCfg = Debug|Any CPU
		{839CCC7E-2FCC-4D34-9327-C0CB0C94C2E7}.Debug|Any CPU.Build.0 = Debug|Any CPU
		{839CCC7E-2FCC-4D34-9327-C0CB0C94C2E7}.Release|Any CPU.ActiveCfg = Release|Any CPU
		{839CCC7E-2FCC-4D34-9327-C0CB0C94C2E7}.Release|Any CPU.Build.0 = Release|Any CPU
	EndGlobalSection
	GlobalSection(SolutionProperties) = preSolution
		HideSolutionNode = FALSE
	EndGlobalSection
	GlobalSection(ExtensibilityGlobals) = postSolution
		SolutionGuid = {6F53025C-6CFB-465B-ACF9-8607E410DBD5}
	EndGlobalSection
EndGlobal
