
Microsoft Visual Studio Solution File, Format Version 12.00
# Visual Studio Version 17
VisualStudioVersion = 17.13.35931.197 d17.13
MinimumVisualStudioVersion = 10.0.40219.1
Project("{FAE04EC0-301F-11D3-BF4B-00C04F79EFBC}") = "ConsoleApp1", "ConsoleApp1.csproj", "{5CD820AA-737C-4DF5-9024-FA3B128B84AD}"
EndProject
Global
	GlobalSection(SolutionConfigurationPlatforms) = preSolution
		Debug|Any CPU = Debug|Any CPU
		Release|Any CPU = Release|Any CPU
	EndGlobalSection
	GlobalSection(ProjectConfigurationPlatforms) = postSolution
		{5CD820AA-737C-4DF5-9024-FA3B128B84AD}.Debug|Any CPU.ActiveCfg = Debug|Any CPU
		{5CD820AA-737C-4DF5-9024-FA3B128B84AD}.Debug|Any CPU.Build.0 = Debug|Any CPU
		{5CD820AA-737C-4DF5-9024-FA3B128B84AD}.Release|Any CPU.ActiveCfg = Release|Any CPU
		{5CD820AA-737C-4DF5-9024-FA3B128B84AD}.Release|Any CPU.Build.0 = Release|Any CPU
	EndGlobalSection
	GlobalSection(SolutionProperties) = preSolution
		HideSolutionNode = FALSE
	EndGlobalSection
	GlobalSection(ExtensibilityGlobals) = postSolution
		SolutionGuid = {5BA3AAF0-EDB2-4ECC-A98E-540057E67DCC}
	EndGlobalSection
EndGlobal
